
Microsoft Visual Studio Solution File, Format Version 12.00
# Visual Studio Version 16
VisualStudioVersion = 16.0.31112.23
MinimumVisualStudioVersion = 10.0.40219.1
Project("{FAE04EC0-301F-11D3-BF4B-00C04F79EFBC}") = "Calculator", "Calculator.csproj", "{47A0B0EA-9EAF-448A-A6CB-B1E94189E94D}"
EndProject
Global
	GlobalSection(SolutionConfigurationPlatforms) = preSolution
		Debug|Any CPU = Debug|Any CPU
		Release|Any CPU = Release|Any CPU
	EndGlobalSection
	GlobalSection(ProjectConfigurationPlatforms) = postSolution
		{47A0B0EA-9EAF-448A-A6CB-B1E94189E94D}.Debug|Any CPU.ActiveCfg = Debug|Any CPU
		{47A0B0EA-9EAF-448A-A6CB-B1E94189E94D}.Debug|Any CPU.Build.0 = Debug|Any CPU
		{47A0B0EA-9EAF-448A-A6CB-B1E94189E94D}.Release|Any CPU.ActiveCfg = Release|Any CPU
		{47A0B0EA-9EAF-448A-A6CB-B1E94189E94D}.Release|Any CPU.Build.0 = Release|Any CPU
	EndGlobalSection
	GlobalSection(SolutionProperties) = preSolution
		HideSolutionNode = FALSE
	EndGlobalSection
	GlobalSection(ExtensibilityGlobals) = postSolution
		SolutionGuid = {6F119DF2-EFA1-4822-8ACA-B335EFE0DD23}
	EndGlobalSection
EndGlobal
